// !$*UTF8*$!
{
	archiveVersion = 1;
	classes = {
	};
	objectVersion = 50;
	objects = {

/* Begin PBXBuildFile section */
		7407876E23BD139D008FF17E /* AppDelegate.swift in Sources */ = {isa = PBXBuildFile; fileRef = 7407876D23BD139D008FF17E /* AppDelegate.swift */; };
		7407877023BD139D008FF17E /* SceneDelegate.swift in Sources */ = {isa = PBXBuildFile; fileRef = 7407876F23BD139D008FF17E /* SceneDelegate.swift */; };
		7407877323BD139D008FF17E /* News.xcdatamodeld in Sources */ = {isa = PBXBuildFile; fileRef = 7407877123BD139D008FF17E /* News.xcdatamodeld */; };
		7407877523BD139D008FF17E /* ContentView.swift in Sources */ = {isa = PBXBuildFile; fileRef = 7407877423BD139D008FF17E /* ContentView.swift */; };
		7407877723BD139D008FF17E /* Assets.xcassets in Resources */ = {isa = PBXBuildFile; fileRef = 7407877623BD139D008FF17E /* Assets.xcassets */; };
		7407877A23BD139D008FF17E /* Preview Assets.xcassets in Resources */ = {isa = PBXBuildFile; fileRef = 7407877923BD139D008FF17E /* Preview Assets.xcassets */; };
		7407877D23BD139D008FF17E /* LaunchScreen.storyboard in Resources */ = {isa = PBXBuildFile; fileRef = 7407877B23BD139D008FF17E /* LaunchScreen.storyboard */; };
		7407878723BD1566008FF17E /* ArticleCell.swift in Sources */ = {isa = PBXBuildFile; fileRef = 7407878623BD1566008FF17E /* ArticleCell.swift */; };
		7407878923BD157F008FF17E /* Article.swift in Sources */ = {isa = PBXBuildFile; fileRef = 7407878823BD157F008FF17E /* Article.swift */; };
		7407878B23BD16F0008FF17E /* HomeView.swift in Sources */ = {isa = PBXBuildFile; fileRef = 7407878A23BD16F0008FF17E /* HomeView.swift */; };
		743D55D823BE5D5200F72B17 /* LoadableImage.swift in Sources */ = {isa = PBXBuildFile; fileRef = 743D55D723BE5D5200F72B17 /* LoadableImage.swift */; };
		745EAA6923D7FE8A0014C7C1 /* WebView.swift in Sources */ = {isa = PBXBuildFile; fileRef = 745EAA6823D7FE8A0014C7C1 /* WebView.swift */; };
		748B11BE23BEC1D900682AF7 /* apiUtils.swift in Sources */ = {isa = PBXBuildFile; fileRef = 748B11BD23BEC1D900682AF7 /* apiUtils.swift */; };
		74FC67B923D6B355009D992E /* articleUtils.swift in Sources */ = {isa = PBXBuildFile; fileRef = 74FC67B823D6B355009D992E /* articleUtils.swift */; };
/* End PBXBuildFile section */

/* Begin PBXFileReference section */
		7407876A23BD139D008FF17E /* News.app */ = {isa = PBXFileReference; explicitFileType = wrapper.application; includeInIndex = 0; path = News.app; sourceTree = BUILT_PRODUCTS_DIR; };
		7407876D23BD139D008FF17E /* AppDelegate.swift */ = {isa = PBXFileReference; lastKnownFileType = sourcecode.swift; path = AppDelegate.swift; sourceTree = "<group>"; };
		7407876F23BD139D008FF17E /* SceneDelegate.swift */ = {isa = PBXFileReference; lastKnownFileType = sourcecode.swift; path = SceneDelegate.swift; sourceTree = "<group>"; };
		7407877223BD139D008FF17E /* News.xcdatamodel */ = {isa = PBXFileReference; lastKnownFileType = wrapper.xcdatamodel; path = News.xcdatamodel; sourceTree = "<group>"; };
		7407877423BD139D008FF17E /* ContentView.swift */ = {isa = PBXFileReference; lastKnownFileType = sourcecode.swift; path = ContentView.swift; sourceTree = "<group>"; };
		7407877623BD139D008FF17E /* Assets.xcassets */ = {isa = PBXFileReference; lastKnownFileType = folder.assetcatalog; path = Assets.xcassets; sourceTree = "<group>"; };
		7407877923BD139D008FF17E /* Preview Assets.xcassets */ = {isa = PBXFileReference; lastKnownFileType = folder.assetcatalog; path = "Preview Assets.xcassets"; sourceTree = "<group>"; };
		7407877C23BD139D008FF17E /* Base */ = {isa = PBXFileReference; lastKnownFileType = file.storyboard; name = Base; path = Base.lproj/LaunchScreen.storyboard; sourceTree = "<group>"; };
		7407877E23BD139D008FF17E /* Info.plist */ = {isa = PBXFileReference; lastKnownFileType = text.plist.xml; path = Info.plist; sourceTree = "<group>"; };
		7407878623BD1566008FF17E /* ArticleCell.swift */ = {isa = PBXFileReference; lastKnownFileType = sourcecode.swift; path = ArticleCell.swift; sourceTree = "<group>"; };
		7407878823BD157F008FF17E /* Article.swift */ = {isa = PBXFileReference; lastKnownFileType = sourcecode.swift; path = Article.swift; sourceTree = "<group>"; };
		7407878A23BD16F0008FF17E /* HomeView.swift */ = {isa = PBXFileReference; lastKnownFileType = sourcecode.swift; path = HomeView.swift; sourceTree = "<group>"; };
		743D55D723BE5D5200F72B17 /* LoadableImage.swift */ = {isa = PBXFileReference; lastKnownFileType = sourcecode.swift; path = LoadableImage.swift; sourceTree = "<group>"; };
		745EAA6823D7FE8A0014C7C1 /* WebView.swift */ = {isa = PBXFileReference; lastKnownFileType = sourcecode.swift; path = WebView.swift; sourceTree = "<group>"; };
		748B11BD23BEC1D900682AF7 /* apiUtils.swift */ = {isa = PBXFileReference; lastKnownFileType = sourcecode.swift; path = apiUtils.swift; sourceTree = "<group>"; };
		74FC67B823D6B355009D992E /* articleUtils.swift */ = {isa = PBXFileReference; lastKnownFileType = sourcecode.swift; path = articleUtils.swift; sourceTree = "<group>"; };
/* End PBXFileReference section */

/* Begin PBXFrameworksBuildPhase section */
		7407876723BD139D008FF17E /* Frameworks */ = {
			isa = PBXFrameworksBuildPhase;
			buildActionMask = 2147483647;
			files = (
			);
			runOnlyForDeploymentPostprocessing = 0;
		};
/* End PBXFrameworksBuildPhase section */

/* Begin PBXGroup section */
		7407876123BD139D008FF17E = {
			isa = PBXGroup;
			children = (
				7407876C23BD139D008FF17E /* News */,
				7407876B23BD139D008FF17E /* Products */,
			);
			sourceTree = "<group>";
		};
		7407876B23BD139D008FF17E /* Products */ = {
			isa = PBXGroup;
			children = (
				7407876A23BD139D008FF17E /* News.app */,
			);
			name = Products;
			sourceTree = "<group>";
		};
		7407876C23BD139D008FF17E /* News */ = {
			isa = PBXGroup;
			children = (
				74FC67B723D6B342009D992E /* Utils */,
				748B11BC23BEC1C500682AF7 /* API */,
				7407878523BD1543008FF17E /* Models */,
				7407878423BD1510008FF17E /* Views */,
				7407876D23BD139D008FF17E /* AppDelegate.swift */,
				7407876F23BD139D008FF17E /* SceneDelegate.swift */,
				7407877623BD139D008FF17E /* Assets.xcassets */,
				7407877B23BD139D008FF17E /* LaunchScreen.storyboard */,
				7407877E23BD139D008FF17E /* Info.plist */,
				7407877123BD139D008FF17E /* News.xcdatamodeld */,
				7407877823BD139D008FF17E /* Preview Content */,
			);
			path = News;
			sourceTree = "<group>";
		};
		7407877823BD139D008FF17E /* Preview Content */ = {
			isa = PBXGroup;
			children = (
				7407877923BD139D008FF17E /* Preview Assets.xcassets */,
			);
			path = "Preview Content";
			sourceTree = "<group>";
		};
		7407878423BD1510008FF17E /* Views */ = {
			isa = PBXGroup;
			children = (
				7407877423BD139D008FF17E /* ContentView.swift */,
				7407878623BD1566008FF17E /* ArticleCell.swift */,
				7407878A23BD16F0008FF17E /* HomeView.swift */,
				743D55D723BE5D5200F72B17 /* LoadableImage.swift */,
				745EAA6823D7FE8A0014C7C1 /* WebView.swift */,
			);
			path = Views;
			sourceTree = "<group>";
		};
		7407878523BD1543008FF17E /* Models */ = {
			isa = PBXGroup;
			children = (
				7407878823BD157F008FF17E /* Article.swift */,
			);
			path = Models;
			sourceTree = "<group>";
		};
		748B11BC23BEC1C500682AF7 /* API */ = {
			isa = PBXGroup;
			children = (
				748B11BD23BEC1D900682AF7 /* apiUtils.swift */,
			);
			path = API;
			sourceTree = "<group>";
		};
		74FC67B723D6B342009D992E /* Utils */ = {
			isa = PBXGroup;
			children = (
				74FC67B823D6B355009D992E /* articleUtils.swift */,
			);
			path = Utils;
			sourceTree = "<group>";
		};
/* End PBXGroup section */

/* Begin PBXNativeTarget section */
		7407876923BD139D008FF17E /* News */ = {
			isa = PBXNativeTarget;
			buildConfigurationList = 7407878123BD139D008FF17E /* Build configuration list for PBXNativeTarget "News" */;
			buildPhases = (
				7407876623BD139D008FF17E /* Sources */,
				7407876723BD139D008FF17E /* Frameworks */,
				7407876823BD139D008FF17E /* Resources */,
			);
			buildRules = (
			);
			dependencies = (
			);
			name = News;
			productName = News;
			productReference = 7407876A23BD139D008FF17E /* News.app */;
			productType = "com.apple.product-type.application";
		};
/* End PBXNativeTarget section */

/* Begin PBXProject section */
		7407876223BD139D008FF17E /* Project object */ = {
			isa = PBXProject;
			attributes = {
				LastSwiftUpdateCheck = 1130;
				LastUpgradeCheck = 1130;
				ORGANIZATIONNAME = "Jacob Contreras";
				TargetAttributes = {
					7407876923BD139D008FF17E = {
						CreatedOnToolsVersion = 11.3;
					};
				};
			};
			buildConfigurationList = 7407876523BD139D008FF17E /* Build configuration list for PBXProject "News" */;
			compatibilityVersion = "Xcode 9.3";
			developmentRegion = en;
			hasScannedForEncodings = 0;
			knownRegions = (
				en,
				Base,
			);
			mainGroup = 7407876123BD139D008FF17E;
			productRefGroup = 7407876B23BD139D008FF17E /* Products */;
			projectDirPath = "";
			projectRoot = "";
			targets = (
				7407876923BD139D008FF17E /* News */,
			);
		};
/* End PBXProject section */

/* Begin PBXResourcesBuildPhase section */
		7407876823BD139D008FF17E /* Resources */ = {
			isa = PBXResourcesBuildPhase;
			buildActionMask = 2147483647;
			files = (
				7407877D23BD139D008FF17E /* LaunchScreen.storyboard in Resources */,
				7407877A23BD139D008FF17E /* Preview Assets.xcassets in Resources */,
				7407877723BD139D008FF17E /* Assets.xcassets in Resources */,
			);
			runOnlyForDeploymentPostprocessing = 0;
		};
/* End PBXResourcesBuildPhase section */

/* Begin PBXSourcesBuildPhase section */
		7407876623BD139D008FF17E /* Sources */ = {
			isa = PBXSourcesBuildPhase;
			buildActionMask = 2147483647;
			files = (
				74FC67B923D6B355009D992E /* articleUtils.swift in Sources */,
				7407876E23BD139D008FF17E /* AppDelegate.swift in Sources */,
				7407878B23BD16F0008FF17E /* HomeView.swift in Sources */,
				748B11BE23BEC1D900682AF7 /* apiUtils.swift in Sources */,
				7407877323BD139D008FF17E /* News.xcdatamodeld in Sources */,
				7407878923BD157F008FF17E /* Article.swift in Sources */,
				7407877523BD139D008FF17E /* ContentView.swift in Sources */,
				743D55D823BE5D5200F72B17 /* LoadableImage.swift in Sources */,
				7407878723BD1566008FF17E /* ArticleCell.swift in Sources */,
				7407877023BD139D008FF17E /* SceneDelegate.swift in Sources */,
				745EAA6923D7FE8A0014C7C1 /* WebView.swift in Sources */,
			);
			runOnlyForDeploymentPostprocessing = 0;
		};
/* End PBXSourcesBuildPhase section */

/* Begin PBXVariantGroup section */
		7407877B23BD139D008FF17E /* LaunchScreen.storyboard */ = {
			isa = PBXVariantGroup;
			children = (
				7407877C23BD139D008FF17E /* Base */,
			);
			name = LaunchScreen.storyboard;
			sourceTree = "<group>";
		};
/* End PBXVariantGroup section */

/* Begin XCBuildConfiguration section */
		7407877F23BD139D008FF17E /* Debug */ = {
			isa = XCBuildConfiguration;
			buildSettings = {
				ALWAYS_SEARCH_USER_PATHS = NO;
				CLANG_ANALYZER_NONNULL = YES;
				CLANG_ANALYZER_NUMBER_OBJECT_CONVERSION = YES_AGGRESSIVE;
				CLANG_CXX_LANGUAGE_STANDARD = "gnu++14";
				CLANG_CXX_LIBRARY = "libc++";
				CLANG_ENABLE_MODULES = YES;
				CLANG_ENABLE_OBJC_ARC = YES;
				CLANG_ENABLE_OBJC_WEAK = YES;
				CLANG_WARN_BLOCK_CAPTURE_AUTORELEASING = YES;
				CLANG_WARN_BOOL_CONVERSION = YES;
				CLANG_WARN_COMMA = YES;
				CLANG_WARN_CONSTANT_CONVERSION = YES;
				CLANG_WARN_DEPRECATED_OBJC_IMPLEMENTATIONS = YES;
				CLANG_WARN_DIRECT_OBJC_ISA_USAGE = YES_ERROR;
				CLANG_WARN_DOCUMENTATION_COMMENTS = YES;
				CLANG_WARN_EMPTY_BODY = YES;
				CLANG_WARN_ENUM_CONVERSION = YES;
				CLANG_WARN_INFINITE_RECURSION = YES;
				CLANG_WARN_INT_CONVERSION = YES;
				CLANG_WARN_NON_LITERAL_NULL_CONVERSION = YES;
				CLANG_WARN_OBJC_IMPLICIT_RETAIN_SELF = YES;
				CLANG_WARN_OBJC_LITERAL_CONVERSION = YES;
				CLANG_WARN_OBJC_ROOT_CLASS = YES_ERROR;
				CLANG_WARN_RANGE_LOOP_ANALYSIS = YES;
				CLANG_WARN_STRICT_PROTOTYPES = YES;
				CLANG_WARN_SUSPICIOUS_MOVE = YES;
				CLANG_WARN_UNGUARDED_AVAILABILITY = YES_AGGRESSIVE;
				CLANG_WARN_UNREACHABLE_CODE = YES;
				CLANG_WARN__DUPLICATE_METHOD_MATCH = YES;
				COPY_PHASE_STRIP = NO;
				DEBUG_INFORMATION_FORMAT = dwarf;
				ENABLE_STRICT_OBJC_MSGSEND = YES;
				ENABLE_TESTABILITY = YES;
				GCC_C_LANGUAGE_STANDARD = gnu11;
				GCC_DYNAMIC_NO_PIC = NO;
				GCC_NO_COMMON_BLOCKS = YES;
				GCC_OPTIMIZATION_LEVEL = 0;
				GCC_PREPROCESSOR_DEFINITIONS = (
					"DEBUG=1",
					"$(inherited)",
				);
				GCC_WARN_64_TO_32_BIT_CONVERSION = YES;
				GCC_WARN_ABOUT_RETURN_TYPE = YES_ERROR;
				GCC_WARN_UNDECLARED_SELECTOR = YES;
				GCC_WARN_UNINITIALIZED_AUTOS = YES_AGGRESSIVE;
				GCC_WARN_UNUSED_FUNCTION = YES;
				GCC_WARN_UNUSED_VARIABLE = YES;
				IPHONEOS_DEPLOYMENT_TARGET = 13.2;
				MTL_ENABLE_DEBUG_INFO = INCLUDE_SOURCE;
				MTL_FAST_MATH = YES;
				ONLY_ACTIVE_ARCH = YES;
				SDKROOT = iphoneos;
				SWIFT_ACTIVE_COMPILATION_CONDITIONS = DEBUG;
				SWIFT_OPTIMIZATION_LEVEL = "-Onone";
			};
			name = Debug;
		};
		7407878023BD139D008FF17E /* Release */ = {
			isa = XCBuildConfiguration;
			buildSettings = {
				ALWAYS_SEARCH_USER_PATHS = NO;
				CLANG_ANALYZER_NONNULL = YES;
				CLANG_ANALYZER_NUMBER_OBJECT_CONVERSION = YES_AGGRESSIVE;
				CLANG_CXX_LANGUAGE_STANDARD = "gnu++14";
				CLANG_CXX_LIBRARY = "libc++";
				CLANG_ENABLE_MODULES = YES;
				CLANG_ENABLE_OBJC_ARC = YES;
				CLANG_ENABLE_OBJC_WEAK = YES;
				CLANG_WARN_BLOCK_CAPTURE_AUTORELEASING = YES;
				CLANG_WARN_BOOL_CONVERSION = YES;
				CLANG_WARN_COMMA = YES;
				CLANG_WARN_CONSTANT_CONVERSION = YES;
				CLANG_WARN_DEPRECATED_OBJC_IMPLEMENTATIONS = YES;
				CLANG_WARN_DIRECT_OBJC_ISA_USAGE = YES_ERROR;
				CLANG_WARN_DOCUMENTATION_COMMENTS = YES;
				CLANG_WARN_EMPTY_BODY = YES;
				CLANG_WARN_ENUM_CONVERSION = YES;
				CLANG_WARN_INFINITE_RECURSION = YES;
				CLANG_WARN_INT_CONVERSION = YES;
				CLANG_WARN_NON_LITERAL_NULL_CONVERSION = YES;
				CLANG_WARN_OBJC_IMPLICIT_RETAIN_SELF = YES;
				CLANG_WARN_OBJC_LITERAL_CONVERSION = YES;
				CLANG_WARN_OBJC_ROOT_CLASS = YES_ERROR;
				CLANG_WARN_RANGE_LOOP_ANALYSIS = YES;
				CLANG_WARN_STRICT_PROTOTYPES = YES;
				CLANG_WARN_SUSPICIOUS_MOVE = YES;
				CLANG_WARN_UNGUARDED_AVAILABILITY = YES_AGGRESSIVE;
				CLANG_WARN_UNREACHABLE_CODE = YES;
				CLANG_WARN__DUPLICATE_METHOD_MATCH = YES;
				COPY_PHASE_STRIP = NO;
				DEBUG_INFORMATION_FORMAT = "dwarf-with-dsym";
				ENABLE_NS_ASSERTIONS = NO;
				ENABLE_STRICT_OBJC_MSGSEND = YES;
				GCC_C_LANGUAGE_STANDARD = gnu11;
				GCC_NO_COMMON_BLOCKS = YES;
				GCC_WARN_64_TO_32_BIT_CONVERSION = YES;
				GCC_WARN_ABOUT_RETURN_TYPE = YES_ERROR;
				GCC_WARN_UNDECLARED_SELECTOR = YES;
				GCC_WARN_UNINITIALIZED_AUTOS = YES_AGGRESSIVE;
				GCC_WARN_UNUSED_FUNCTION = YES;
				GCC_WARN_UNUSED_VARIABLE = YES;
				IPHONEOS_DEPLOYMENT_TARGET = 13.2;
				MTL_ENABLE_DEBUG_INFO = NO;
				MTL_FAST_MATH = YES;
				SDKROOT = iphoneos;
				SWIFT_COMPILATION_MODE = wholemodule;
				SWIFT_OPTIMIZATION_LEVEL = "-O";
				VALIDATE_PRODUCT = YES;
			};
			name = Release;
		};
		7407878223BD139D008FF17E /* Debug */ = {
			isa = XCBuildConfiguration;
			buildSettings = {
				ASSETCATALOG_COMPILER_APPICON_NAME = AppIcon;
				CODE_SIGN_STYLE = Automatic;
				DEVELOPMENT_ASSET_PATHS = "\"News/Preview Content\"";
				ENABLE_PREVIEWS = YES;
				INFOPLIST_FILE = News/Info.plist;
				LD_RUNPATH_SEARCH_PATHS = (
					"$(inherited)",
					"@executable_path/Frameworks",
				);
				PRODUCT_BUNDLE_IDENTIFIER = jcontreras.News;
				PRODUCT_NAME = "$(TARGET_NAME)";
				SWIFT_VERSION = 5.0;
				TARGETED_DEVICE_FAMILY = "1,2";
			};
			name = Debug;
		};
		7407878323BD139D008FF17E /* Release */ = {
			isa = XCBuildConfiguration;
			buildSettings = {
				ASSETCATALOG_COMPILER_APPICON_NAME = AppIcon;
				CODE_SIGN_STYLE = Automatic;
				DEVELOPMENT_ASSET_PATHS = "\"News/Preview Content\"";
				ENABLE_PREVIEWS = YES;
				INFOPLIST_FILE = News/Info.plist;
				LD_RUNPATH_SEARCH_PATHS = (
					"$(inherited)",
					"@executable_path/Frameworks",
				);
				PRODUCT_BUNDLE_IDENTIFIER = jcontreras.News;
				PRODUCT_NAME = "$(TARGET_NAME)";
				SWIFT_VERSION = 5.0;
				TARGETED_DEVICE_FAMILY = "1,2";
			};
			name = Release;
		};
/* End XCBuildConfiguration section */

/* Begin XCConfigurationList section */
		7407876523BD139D008FF17E /* Build configuration list for PBXProject "News" */ = {
			isa = XCConfigurationList;
			buildConfigurations = (
				7407877F23BD139D008FF17E /* Debug */,
				7407878023BD139D008FF17E /* Release */,
			);
			defaultConfigurationIsVisible = 0;
			defaultConfigurationName = Release;
		};
		7407878123BD139D008FF17E /* Build configuration list for PBXNativeTarget "News" */ = {
			isa = XCConfigurationList;
			buildConfigurations = (
				7407878223BD139D008FF17E /* Debug */,
				7407878323BD139D008FF17E /* Release */,
			);
			defaultConfigurationIsVisible = 0;
			defaultConfigurationName = Release;
		};
/* End XCConfigurationList section */

/* Begin XCVersionGroup section */
		7407877123BD139D008FF17E /* News.xcdatamodeld */ = {
			isa = XCVersionGroup;
			children = (
				7407877223BD139D008FF17E /* News.xcdatamodel */,
			);
			currentVersion = 7407877223BD139D008FF17E /* News.xcdatamodel */;
			path = News.xcdatamodeld;
			sourceTree = "<group>";
			versionGroupType = wrapper.xcdatamodel;
		};
/* End XCVersionGroup section */
	};
	rootObject = 7407876223BD139D008FF17E /* Project object */;
}
